
Microsoft Visual Studio Solution File, Format Version 12.00
# Visual Studio Version 17
VisualStudioVersion = 17.11.35327.3
MinimumVisualStudioVersion = 10.0.40219.1
Project("{9A19103F-16F7-4668-BE54-9A1E7A4F7556}") = "ExamBookletGenerator", "ExamBookletGenerator\ExamBookletGenerator.csproj", "{A5006316-6EDE-4AD7-AE17-915A4557043C}"
EndProject
Project("{2150E333-8FDC-42A3-9474-1A3956D46DE8}") = "src", "src", "{AAA99B20-48EE-4D23-A55D-5111A2212BC8}"
EndProject
Project("{9A19103F-16F7-4668-BE54-9A1E7A4F7556}") = "EBC.Core", "EBC.Core\EBC.Core.csproj", "{0B3CBCFE-A95B-4FF9-9C9C-5BBD03E4293F}"
EndProject
Project("{2150E333-8FDC-42A3-9474-1A3956D46DE8}") = "Solution Items", "Solution Items", "{801CC820-CA17-464A-9CDD-FC669A79F579}"
	ProjectSection(SolutionItems) = preProject
		TodoFile.txt = TodoFile.txt
	EndProjectSection
EndProject
Project("{9A19103F-16F7-4668-BE54-9A1E7A4F7556}") = "EBC.Data", "EBC.Data\EBC.Data.csproj", "{C1C0A9A3-1336-4104-86C6-0E9403EB0DF0}"
EndProject
Project("{2150E333-8FDC-42A3-9474-1A3956D46DE8}") = "AdminTemplateDemo", "AdminTemplateDemo", "{5EFD0CCD-5A75-4420-A18D-7EFE1EB52882}"
EndProject
Project("{FAE04EC0-301F-11D3-BF4B-00C04F79EFBC}") = "EBC.Business", "EBC.Business\EBC.Business.csproj", "{492877F8-B43C-45B3-B48F-74FF89349F95}"
EndProject
Global
	GlobalSection(SolutionConfigurationPlatforms) = preSolution
		Debug|Any CPU = Debug|Any CPU
		Release|Any CPU = Release|Any CPU
	EndGlobalSection
	GlobalSection(ProjectConfigurationPlatforms) = postSolution
		{A5006316-6EDE-4AD7-AE17-915A4557043C}.Debug|Any CPU.ActiveCfg = Debug|Any CPU
		{A5006316-6EDE-4AD7-AE17-915A4557043C}.Debug|Any CPU.Build.0 = Debug|Any CPU
		{A5006316-6EDE-4AD7-AE17-915A4557043C}.Release|Any CPU.ActiveCfg = Release|Any CPU
		{A5006316-6EDE-4AD7-AE17-915A4557043C}.Release|Any CPU.Build.0 = Release|Any CPU
		{0B3CBCFE-A95B-4FF9-9C9C-5BBD03E4293F}.Debug|Any CPU.ActiveCfg = Debug|Any CPU
		{0B3CBCFE-A95B-4FF9-9C9C-5BBD03E4293F}.Debug|Any CPU.Build.0 = Debug|Any CPU
		{0B3CBCFE-A95B-4FF9-9C9C-5BBD03E4293F}.Release|Any CPU.ActiveCfg = Release|Any CPU
		{0B3CBCFE-A95B-4FF9-9C9C-5BBD03E4293F}.Release|Any CPU.Build.0 = Release|Any CPU
		{C1C0A9A3-1336-4104-86C6-0E9403EB0DF0}.Debug|Any CPU.ActiveCfg = Debug|Any CPU
		{C1C0A9A3-1336-4104-86C6-0E9403EB0DF0}.Debug|Any CPU.Build.0 = Debug|Any CPU
		{C1C0A9A3-1336-4104-86C6-0E9403EB0DF0}.Release|Any CPU.ActiveCfg = Release|Any CPU
		{C1C0A9A3-1336-4104-86C6-0E9403EB0DF0}.Release|Any CPU.Build.0 = Release|Any CPU
		{492877F8-B43C-45B3-B48F-74FF89349F95}.Debug|Any CPU.ActiveCfg = Debug|Any CPU
		{492877F8-B43C-45B3-B48F-74FF89349F95}.Debug|Any CPU.Build.0 = Debug|Any CPU
		{492877F8-B43C-45B3-B48F-74FF89349F95}.Release|Any CPU.ActiveCfg = Release|Any CPU
		{492877F8-B43C-45B3-B48F-74FF89349F95}.Release|Any CPU.Build.0 = Release|Any CPU
	EndGlobalSection
	GlobalSection(SolutionProperties) = preSolution
		HideSolutionNode = FALSE
	EndGlobalSection
	GlobalSection(NestedProjects) = preSolution
		{0B3CBCFE-A95B-4FF9-9C9C-5BBD03E4293F} = {AAA99B20-48EE-4D23-A55D-5111A2212BC8}
		{C1C0A9A3-1336-4104-86C6-0E9403EB0DF0} = {AAA99B20-48EE-4D23-A55D-5111A2212BC8}
		{5EFD0CCD-5A75-4420-A18D-7EFE1EB52882} = {801CC820-CA17-464A-9CDD-FC669A79F579}
		{492877F8-B43C-45B3-B48F-74FF89349F95} = {AAA99B20-48EE-4D23-A55D-5111A2212BC8}
	EndGlobalSection
	GlobalSection(ExtensibilityGlobals) = postSolution
		SolutionGuid = {4C615DCA-87D8-4A25-8CA1-C68245F34097}
	EndGlobalSection
EndGlobal
